{
  "name": "cophy-treetools",
  "version": "0.0.8",
  "lockfileVersion": 1,
  "requires": true,
  "dependencies": {
    "ascii-tree": {
      "version": "0.3.0",
      "resolved": "https://registry.npmjs.org/ascii-tree/-/ascii-tree-0.3.0.tgz",
      "integrity": "sha1-ov5GlgfAqFQb1xyT6bV/gNrVRtw=",
      "requires": {
        "freetree": "0.2.2"
      }
    },
    "commander": {
      "version": "2.16.0",
      "resolved": "https://registry.npmjs.org/commander/-/commander-2.16.0.tgz",
      "integrity": "sha512-sVXqklSaotK9at437sFlFpyOcJonxe0yST/AG9DkQKUdIE6IqGIMv4SfAQSKaJbSdVEJYItASCrBiVQHq1HQew=="
    },
    "freetree": {
      "version": "0.2.2",
      "resolved": "https://registry.npmjs.org/freetree/-/freetree-0.2.2.tgz",
      "integrity": "sha1-DiAIWYtS0HzJY2339J9SUMT5L9A="
    },
    "fs": {
      "version": "0.0.1-security",
      "resolved": "https://registry.npmjs.org/fs/-/fs-0.0.1-security.tgz",
      "integrity": "sha1-invTcYa23d84E/I4WLV+yq9eQdQ="
    },
    "lodash": {
      "version": "4.17.10",
      "resolved": "https://registry.npmjs.org/lodash/-/lodash-4.17.10.tgz",
      "integrity": "sha512-UejweD1pDoXu+AD825lWwp4ZGtSwgnpZxb3JDViD7StjQz+Nb/6l093lx4OQ0foGWNRoc19mWy7BzL+UAK2iVg=="
    },
    "newick": {
      "version": "2.0.0",
      "resolved": "https://registry.npmjs.org/newick/-/newick-2.0.0.tgz",
      "integrity": "sha512-WzIBgGkSUxoOx9pjZq4YhdcflCZqL50PJAXl46hrnrgGdkV4gB0B7//6Zy9pIRb0BnJly5cUFQqRG9sKgnZkkg=="
    },
    "seedrandom": {
      "version": "2.4.3",
      "resolved": "https://registry.npmjs.org/seedrandom/-/seedrandom-2.4.3.tgz",
      "integrity": "sha1-JDhQTa0zkXMUv/GKxNeU8W1qrsw="
    },
    "string-similarity": {
      "version": "1.2.0",
      "resolved": "https://registry.npmjs.org/string-similarity/-/string-similarity-1.2.0.tgz",
      "integrity": "sha1-11FTyzg4RjGLejmo2SkrtNtOnDA=",
      "requires": {
        "lodash": "^4.13.1"
      }
    }
  }
}
